// !$*UTF8*$!
{
	archiveVersion = 1;
	classes = {
	};
	objectVersion = 55;
	objects = {

/* Begin PBXBuildFile section */
		63DD414A280DEF3E004F8A1F /* FavoritesViewController.swift in Sources */ = {isa = PBXBuildFile; fileRef = 63DD4149280DEF3E004F8A1F /* FavoritesViewController.swift */; };
		63DD414C280DF0FE004F8A1F /* TasksViewController.swift in Sources */ = {isa = PBXBuildFile; fileRef = 63DD414B280DF0FE004F8A1F /* TasksViewController.swift */; };
		63DD414E280DF143004F8A1F /* OtherViewController.swift in Sources */ = {isa = PBXBuildFile; fileRef = 63DD414D280DF143004F8A1F /* OtherViewController.swift */; };
		63EBD9F22803560D0031C09E /* AppDelegate.swift in Sources */ = {isa = PBXBuildFile; fileRef = 63EBD9F12803560D0031C09E /* AppDelegate.swift */; };
		63EBD9F42803560D0031C09E /* SceneDelegate.swift in Sources */ = {isa = PBXBuildFile; fileRef = 63EBD9F32803560D0031C09E /* SceneDelegate.swift */; };
		63EBD9F62803560D0031C09E /* ViewController.swift in Sources */ = {isa = PBXBuildFile; fileRef = 63EBD9F52803560D0031C09E /* ViewController.swift */; };
		63EBD9F92803560D0031C09E /* Main.storyboard in Resources */ = {isa = PBXBuildFile; fileRef = 63EBD9F72803560D0031C09E /* Main.storyboard */; };
		63EBD9FB2803560E0031C09E /* Assets.xcassets in Resources */ = {isa = PBXBuildFile; fileRef = 63EBD9FA2803560E0031C09E /* Assets.xcassets */; };
		63EBD9FE2803560E0031C09E /* LaunchScreen.storyboard in Resources */ = {isa = PBXBuildFile; fileRef = 63EBD9FC2803560E0031C09E /* LaunchScreen.storyboard */; };
		D9C212C0280EE51D00F64ABF /* DemoTableViewCell.swift in Sources */ = {isa = PBXBuildFile; fileRef = D9C212BE280EE51D00F64ABF /* DemoTableViewCell.swift */; };
/* End PBXBuildFile section */

/* Begin PBXFileReference section */
		63DD4149280DEF3E004F8A1F /* FavoritesViewController.swift */ = {isa = PBXFileReference; lastKnownFileType = sourcecode.swift; path = FavoritesViewController.swift; sourceTree = "<group>"; };
		63DD414B280DF0FE004F8A1F /* TasksViewController.swift */ = {isa = PBXFileReference; lastKnownFileType = sourcecode.swift; path = TasksViewController.swift; sourceTree = "<group>"; };
		63DD414D280DF143004F8A1F /* OtherViewController.swift */ = {isa = PBXFileReference; lastKnownFileType = sourcecode.swift; path = OtherViewController.swift; sourceTree = "<group>"; };
		63EBD9EE2803560D0031C09E /* DeadLine.app */ = {isa = PBXFileReference; explicitFileType = wrapper.application; includeInIndex = 0; path = DeadLine.app; sourceTree = BUILT_PRODUCTS_DIR; };
		63EBD9F12803560D0031C09E /* AppDelegate.swift */ = {isa = PBXFileReference; lastKnownFileType = sourcecode.swift; path = AppDelegate.swift; sourceTree = "<group>"; };
		63EBD9F32803560D0031C09E /* SceneDelegate.swift */ = {isa = PBXFileReference; lastKnownFileType = sourcecode.swift; path = SceneDelegate.swift; sourceTree = "<group>"; };
		63EBD9F52803560D0031C09E /* ViewController.swift */ = {isa = PBXFileReference; lastKnownFileType = sourcecode.swift; path = ViewController.swift; sourceTree = "<group>"; };
		63EBD9F82803560D0031C09E /* Base */ = {isa = PBXFileReference; lastKnownFileType = file.storyboard; name = Base; path = Base.lproj/Main.storyboard; sourceTree = "<group>"; };
		63EBD9FA2803560E0031C09E /* Assets.xcassets */ = {isa = PBXFileReference; lastKnownFileType = folder.assetcatalog; path = Assets.xcassets; sourceTree = "<group>"; };
		63EBD9FD2803560E0031C09E /* Base */ = {isa = PBXFileReference; lastKnownFileType = file.storyboard; name = Base; path = Base.lproj/LaunchScreen.storyboard; sourceTree = "<group>"; };
		63EBD9FF2803560E0031C09E /* Info.plist */ = {isa = PBXFileReference; lastKnownFileType = text.plist.xml; path = Info.plist; sourceTree = "<group>"; };
		D9C212BE280EE51D00F64ABF /* DemoTableViewCell.swift */ = {isa = PBXFileReference; lastKnownFileType = sourcecode.swift; path = DemoTableViewCell.swift; sourceTree = "<group>"; };
/* End PBXFileReference section */

/* Begin PBXFrameworksBuildPhase section */
		63EBD9EB2803560D0031C09E /* Frameworks */ = {
			isa = PBXFrameworksBuildPhase;
			buildActionMask = 2147483647;
			files = (
			);
			runOnlyForDeploymentPostprocessing = 0;
		};
/* End PBXFrameworksBuildPhase section */

/* Begin PBXGroup section */
		63EBD9E52803560D0031C09E = {
			isa = PBXGroup;
			children = (
				63EBD9F02803560D0031C09E /* DeadLine */,
				63EBD9EF2803560D0031C09E /* Products */,
			);
			sourceTree = "<group>";
		};
		63EBD9EF2803560D0031C09E /* Products */ = {
			isa = PBXGroup;
			children = (
				63EBD9EE2803560D0031C09E /* DeadLine.app */,
			);
			name = Products;
			sourceTree = "<group>";
		};
		63EBD9F02803560D0031C09E /* DeadLine */ = {
			isa = PBXGroup;
			children = (
				63EBD9F12803560D0031C09E /* AppDelegate.swift */,
				63EBD9F32803560D0031C09E /* SceneDelegate.swift */,
				63EBD9F52803560D0031C09E /* ViewController.swift */,
				63DD4149280DEF3E004F8A1F /* FavoritesViewController.swift */,
				63DD414B280DF0FE004F8A1F /* TasksViewController.swift */,
				63DD414D280DF143004F8A1F /* OtherViewController.swift */,
				63EBD9F72803560D0031C09E /* Main.storyboard */,
				63EBD9FA2803560E0031C09E /* Assets.xcassets */,
				63EBD9FC2803560E0031C09E /* LaunchScreen.storyboard */,
				63EBD9FF2803560E0031C09E /* Info.plist */,
				D9C212BE280EE51D00F64ABF /* DemoTableViewCell.swift */,
			);
			path = DeadLine;
			sourceTree = "<group>";
		};
/* End PBXGroup section */

/* Begin PBXNativeTarget section */
		63EBD9ED2803560D0031C09E /* DeadLine */ = {
			isa = PBXNativeTarget;
			buildConfigurationList = 63EBDA022803560E0031C09E /* Build configuration list for PBXNativeTarget "DeadLine" */;
			buildPhases = (
				63EBD9EA2803560D0031C09E /* Sources */,
				63EBD9EB2803560D0031C09E /* Frameworks */,
				63EBD9EC2803560D0031C09E /* Resources */,
			);
			buildRules = (
			);
			dependencies = (
			);
			name = DeadLine;
			productName = DeadLine;
			productReference = 63EBD9EE2803560D0031C09E /* DeadLine.app */;
			productType = "com.apple.product-type.application";
		};
/* End PBXNativeTarget section */

/* Begin PBXProject section */
		63EBD9E62803560D0031C09E /* Project object */ = {
			isa = PBXProject;
			attributes = {
				BuildIndependentTargetsInParallel = 1;
				LastSwiftUpdateCheck = 1330;
				LastUpgradeCheck = 1330;
				TargetAttributes = {
					63EBD9ED2803560D0031C09E = {
						CreatedOnToolsVersion = 13.3;
					};
				};
			};
			buildConfigurationList = 63EBD9E92803560D0031C09E /* Build configuration list for PBXProject "DeadLine" */;
			compatibilityVersion = "Xcode 13.0";
			developmentRegion = en;
			hasScannedForEncodings = 0;
			knownRegions = (
				en,
				Base,
			);
			mainGroup = 63EBD9E52803560D0031C09E;
			productRefGroup = 63EBD9EF2803560D0031C09E /* Products */;
			projectDirPath = "";
			projectRoot = "";
			targets = (
				63EBD9ED2803560D0031C09E /* DeadLine */,
			);
		};
/* End PBXProject section */

/* Begin PBXResourcesBuildPhase section */
		63EBD9EC2803560D0031C09E /* Resources */ = {
			isa = PBXResourcesBuildPhase;
			buildActionMask = 2147483647;
			files = (
				63EBD9FE2803560E0031C09E /* LaunchScreen.storyboard in Resources */,
				63EBD9FB2803560E0031C09E /* Assets.xcassets in Resources */,
				63EBD9F92803560D0031C09E /* Main.storyboard in Resources */,
			);
			runOnlyForDeploymentPostprocessing = 0;
		};
/* End PBXResourcesBuildPhase section */

/* Begin PBXSourcesBuildPhase section */
		63EBD9EA2803560D0031C09E /* Sources */ = {
			isa = PBXSourcesBuildPhase;
			buildActionMask = 2147483647;
			files = (
				D9C212C0280EE51D00F64ABF /* DemoTableViewCell.swift in Sources */,
				63DD414C280DF0FE004F8A1F /* TasksViewController.swift in Sources */,
				63DD414E280DF143004F8A1F /* OtherViewController.swift in Sources */,
				63EBD9F62803560D0031C09E /* ViewController.swift in Sources */,
				63EBD9F22803560D0031C09E /* AppDelegate.swift in Sources */,
				63DD414A280DEF3E004F8A1F /* FavoritesViewController.swift in Sources */,
				63EBD9F42803560D0031C09E /* SceneDelegate.swift in Sources */,
			);
			runOnlyForDeploymentPostprocessing = 0;
		};
/* End PBXSourcesBuildPhase section */

/* Begin PBXVariantGroup section */
		63EBD9F72803560D0031C09E /* Main.storyboard */ = {
			isa = PBXVariantGroup;
			children = (
				63EBD9F82803560D0031C09E /* Base */,
			);
			name = Main.storyboard;
			sourceTree = "<group>";
		};
		63EBD9FC2803560E0031C09E /* LaunchScreen.storyboard */ = {
			isa = PBXVariantGroup;
			children = (
				63EBD9FD2803560E0031C09E /* Base */,
			);
			name = LaunchScreen.storyboard;
			sourceTree = "<group>";
		};
/* End PBXVariantGroup section */

/* Begin XCBuildConfiguration section */
		63EBDA002803560E0031C09E /* Debug */ = {
			isa = XCBuildConfiguration;
			buildSettings = {
				ALWAYS_SEARCH_USER_PATHS = NO;
				CLANG_ANALYZER_NONNULL = YES;
				CLANG_ANALYZER_NUMBER_OBJECT_CONVERSION = YES_AGGRESSIVE;
				CLANG_CXX_LANGUAGE_STANDARD = "gnu++17";
				CLANG_ENABLE_MODULES = YES;
				CLANG_ENABLE_OBJC_ARC = YES;
				CLANG_ENABLE_OBJC_WEAK = YES;
				CLANG_WARN_BLOCK_CAPTURE_AUTORELEASING = YES;
				CLANG_WARN_BOOL_CONVERSION = YES;
				CLANG_WARN_COMMA = YES;
				CLANG_WARN_CONSTANT_CONVERSION = YES;
				CLANG_WARN_DEPRECATED_OBJC_IMPLEMENTATIONS = YES;
				CLANG_WARN_DIRECT_OBJC_ISA_USAGE = YES_ERROR;
				CLANG_WARN_DOCUMENTATION_COMMENTS = YES;
				CLANG_WARN_EMPTY_BODY = YES;
				CLANG_WARN_ENUM_CONVERSION = YES;
				CLANG_WARN_INFINITE_RECURSION = YES;
				CLANG_WARN_INT_CONVERSION = YES;
				CLANG_WARN_NON_LITERAL_NULL_CONVERSION = YES;
				CLANG_WARN_OBJC_IMPLICIT_RETAIN_SELF = YES;
				CLANG_WARN_OBJC_LITERAL_CONVERSION = YES;
				CLANG_WARN_OBJC_ROOT_CLASS = YES_ERROR;
				CLANG_WARN_QUOTED_INCLUDE_IN_FRAMEWORK_HEADER = YES;
				CLANG_WARN_RANGE_LOOP_ANALYSIS = YES;
				CLANG_WARN_STRICT_PROTOTYPES = YES;
				CLANG_WARN_SUSPICIOUS_MOVE = YES;
				CLANG_WARN_UNGUARDED_AVAILABILITY = YES_AGGRESSIVE;
				CLANG_WARN_UNREACHABLE_CODE = YES;
				CLANG_WARN__DUPLICATE_METHOD_MATCH = YES;
				COPY_PHASE_STRIP = NO;
				DEBUG_INFORMATION_FORMAT = dwarf;
				ENABLE_STRICT_OBJC_MSGSEND = YES;
				ENABLE_TESTABILITY = YES;
				GCC_C_LANGUAGE_STANDARD = gnu11;
				GCC_DYNAMIC_NO_PIC = NO;
				GCC_NO_COMMON_BLOCKS = YES;
				GCC_OPTIMIZATION_LEVEL = 0;
				GCC_PREPROCESSOR_DEFINITIONS = (
					"DEBUG=1",
					"$(inherited)",
				);
				GCC_WARN_64_TO_32_BIT_CONVERSION = YES;
				GCC_WARN_ABOUT_RETURN_TYPE = YES_ERROR;
				GCC_WARN_UNDECLARED_SELECTOR = YES;
				GCC_WARN_UNINITIALIZED_AUTOS = YES_AGGRESSIVE;
				GCC_WARN_UNUSED_FUNCTION = YES;
				GCC_WARN_UNUSED_VARIABLE = YES;
				IPHONEOS_DEPLOYMENT_TARGET = 15.4;
				MTL_ENABLE_DEBUG_INFO = INCLUDE_SOURCE;
				MTL_FAST_MATH = YES;
				ONLY_ACTIVE_ARCH = YES;
				SDKROOT = iphoneos;
				SWIFT_ACTIVE_COMPILATION_CONDITIONS = DEBUG;
				SWIFT_OPTIMIZATION_LEVEL = "-Onone";
			};
			name = Debug;
		};
		63EBDA012803560E0031C09E /* Release */ = {
			isa = XCBuildConfiguration;
			buildSettings = {
				ALWAYS_SEARCH_USER_PATHS = NO;
				CLANG_ANALYZER_NONNULL = YES;
				CLANG_ANALYZER_NUMBER_OBJECT_CONVERSION = YES_AGGRESSIVE;
				CLANG_CXX_LANGUAGE_STANDARD = "gnu++17";
				CLANG_ENABLE_MODULES = YES;
				CLANG_ENABLE_OBJC_ARC = YES;
				CLANG_ENABLE_OBJC_WEAK = YES;
				CLANG_WARN_BLOCK_CAPTURE_AUTORELEASING = YES;
				CLANG_WARN_BOOL_CONVERSION = YES;
				CLANG_WARN_COMMA = YES;
				CLANG_WARN_CONSTANT_CONVERSION = YES;
				CLANG_WARN_DEPRECATED_OBJC_IMPLEMENTATIONS = YES;
				CLANG_WARN_DIRECT_OBJC_ISA_USAGE = YES_ERROR;
				CLANG_WARN_DOCUMENTATION_COMMENTS = YES;
				CLANG_WARN_EMPTY_BODY = YES;
				CLANG_WARN_ENUM_CONVERSION = YES;
				CLANG_WARN_INFINITE_RECURSION = YES;
				CLANG_WARN_INT_CONVERSION = YES;
				CLANG_WARN_NON_LITERAL_NULL_CONVERSION = YES;
				CLANG_WARN_OBJC_IMPLICIT_RETAIN_SELF = YES;
				CLANG_WARN_OBJC_LITERAL_CONVERSION = YES;
				CLANG_WARN_OBJC_ROOT_CLASS = YES_ERROR;
				CLANG_WARN_QUOTED_INCLUDE_IN_FRAMEWORK_HEADER = YES;
				CLANG_WARN_RANGE_LOOP_ANALYSIS = YES;
				CLANG_WARN_STRICT_PROTOTYPES = YES;
				CLANG_WARN_SUSPICIOUS_MOVE = YES;
				CLANG_WARN_UNGUARDED_AVAILABILITY = YES_AGGRESSIVE;
				CLANG_WARN_UNREACHABLE_CODE = YES;
				CLANG_WARN__DUPLICATE_METHOD_MATCH = YES;
				COPY_PHASE_STRIP = NO;
				DEBUG_INFORMATION_FORMAT = "dwarf-with-dsym";
				ENABLE_NS_ASSERTIONS = NO;
				ENABLE_STRICT_OBJC_MSGSEND = YES;
				GCC_C_LANGUAGE_STANDARD = gnu11;
				GCC_NO_COMMON_BLOCKS = YES;
				GCC_WARN_64_TO_32_BIT_CONVERSION = YES;
				GCC_WARN_ABOUT_RETURN_TYPE = YES_ERROR;
				GCC_WARN_UNDECLARED_SELECTOR = YES;
				GCC_WARN_UNINITIALIZED_AUTOS = YES_AGGRESSIVE;
				GCC_WARN_UNUSED_FUNCTION = YES;
				GCC_WARN_UNUSED_VARIABLE = YES;
				IPHONEOS_DEPLOYMENT_TARGET = 15.4;
				MTL_ENABLE_DEBUG_INFO = NO;
				MTL_FAST_MATH = YES;
				SDKROOT = iphoneos;
				SWIFT_COMPILATION_MODE = wholemodule;
				SWIFT_OPTIMIZATION_LEVEL = "-O";
				VALIDATE_PRODUCT = YES;
			};
			name = Release;
		};
		63EBDA032803560E0031C09E /* Debug */ = {
			isa = XCBuildConfiguration;
			buildSettings = {
				ASSETCATALOG_COMPILER_APPICON_NAME = AppIcon;
				ASSETCATALOG_COMPILER_GLOBAL_ACCENT_COLOR_NAME = AccentColor;
				CODE_SIGN_STYLE = Automatic;
				CURRENT_PROJECT_VERSION = 1;
				DEVELOPMENT_TEAM = 57P996Q3S2;
				GENERATE_INFOPLIST_FILE = YES;
				INFOPLIST_FILE = DeadLine/Info.plist;
				INFOPLIST_KEY_UIApplicationSupportsIndirectInputEvents = YES;
				INFOPLIST_KEY_UILaunchStoryboardName = LaunchScreen;
				INFOPLIST_KEY_UIMainStoryboardFile = Main;
				INFOPLIST_KEY_UISupportedInterfaceOrientations_iPad = "UIInterfaceOrientationPortrait UIInterfaceOrientationPortraitUpsideDown UIInterfaceOrientationLandscapeLeft UIInterfaceOrientationLandscapeRight";
				INFOPLIST_KEY_UISupportedInterfaceOrientations_iPhone = "UIInterfaceOrientationPortrait UIInterfaceOrientationLandscapeLeft UIInterfaceOrientationLandscapeRight";
				LD_RUNPATH_SEARCH_PATHS = (
					"$(inherited)",
					"@executable_path/Frameworks",
				);
				MARKETING_VERSION = 1.0;
				PRODUCT_BUNDLE_IDENTIFIER = com.test.DeadLine.DeadLine;
				PRODUCT_NAME = "$(TARGET_NAME)";
				SWIFT_EMIT_LOC_STRINGS = YES;
				SWIFT_VERSION = 5.0;
				TARGETED_DEVICE_FAMILY = "1,2";
			};
			name = Debug;
		};
		63EBDA042803560E0031C09E /* Release */ = {
			isa = XCBuildConfiguration;
			buildSettings = {
				ASSETCATALOG_COMPILER_APPICON_NAME = AppIcon;
				ASSETCATALOG_COMPILER_GLOBAL_ACCENT_COLOR_NAME = AccentColor;
				CODE_SIGN_STYLE = Automatic;
				CURRENT_PROJECT_VERSION = 1;
				DEVELOPMENT_TEAM = 57P996Q3S2;
				GENERATE_INFOPLIST_FILE = YES;
				INFOPLIST_FILE = DeadLine/Info.plist;
				INFOPLIST_KEY_UIApplicationSupportsIndirectInputEvents = YES;
				INFOPLIST_KEY_UILaunchStoryboardName = LaunchScreen;
				INFOPLIST_KEY_UIMainStoryboardFile = Main;
				INFOPLIST_KEY_UISupportedInterfaceOrientations_iPad = "UIInterfaceOrientationPortrait UIInterfaceOrientationPortraitUpsideDown UIInterfaceOrientationLandscapeLeft UIInterfaceOrientationLandscapeRight";
				INFOPLIST_KEY_UISupportedInterfaceOrientations_iPhone = "UIInterfaceOrientationPortrait UIInterfaceOrientationLandscapeLeft UIInterfaceOrientationLandscapeRight";
				LD_RUNPATH_SEARCH_PATHS = (
					"$(inherited)",
					"@executable_path/Frameworks",
				);
				MARKETING_VERSION = 1.0;
				PRODUCT_BUNDLE_IDENTIFIER = com.test.DeadLine.DeadLine;
				PRODUCT_NAME = "$(TARGET_NAME)";
				SWIFT_EMIT_LOC_STRINGS = YES;
				SWIFT_VERSION = 5.0;
				TARGETED_DEVICE_FAMILY = "1,2";
			};
			name = Release;
		};
/* End XCBuildConfiguration section */

/* Begin XCConfigurationList section */
		63EBD9E92803560D0031C09E /* Build configuration list for PBXProject "DeadLine" */ = {
			isa = XCConfigurationList;
			buildConfigurations = (
				63EBDA002803560E0031C09E /* Debug */,
				63EBDA012803560E0031C09E /* Release */,
			);
			defaultConfigurationIsVisible = 0;
			defaultConfigurationName = Release;
		};
		63EBDA022803560E0031C09E /* Build configuration list for PBXNativeTarget "DeadLine" */ = {
			isa = XCConfigurationList;
			buildConfigurations = (
				63EBDA032803560E0031C09E /* Debug */,
				63EBDA042803560E0031C09E /* Release */,
			);
			defaultConfigurationIsVisible = 0;
			defaultConfigurationName = Release;
		};
/* End XCConfigurationList section */
	};
	rootObject = 63EBD9E62803560D0031C09E /* Project object */;
}
